
Microsoft Visual Studio Solution File, Format Version 12.00
# Visual Studio Version 17
VisualStudioVersion = 17.13.35818.85 d17.13
MinimumVisualStudioVersion = 10.0.40219.1
Project("{FAE04EC0-301F-11D3-BF4B-00C04F79EFBC}") = "CustomerApi", "CustomerApi\CustomerApi.csproj", "{7C6D4A6A-A06E-4322-9ED5-B7BCEA62E22E}"
EndProject
Global
	GlobalSection(SolutionConfigurationPlatforms) = preSolution
		Debug|Any CPU = Debug|Any CPU
		Release|Any CPU = Release|Any CPU
	EndGlobalSection
	GlobalSection(ProjectConfigurationPlatforms) = postSolution
		{7C6D4A6A-A06E-4322-9ED5-B7BCEA62E22E}.Debug|Any CPU.ActiveCfg = Debug|Any CPU
		{7C6D4A6A-A06E-4322-9ED5-B7BCEA62E22E}.Debug|Any CPU.Build.0 = Debug|Any CPU
		{7C6D4A6A-A06E-4322-9ED5-B7BCEA62E22E}.Release|Any CPU.ActiveCfg = Release|Any CPU
		{7C6D4A6A-A06E-4322-9ED5-B7BCEA62E22E}.Release|Any CPU.Build.0 = Release|Any CPU
	EndGlobalSection
	GlobalSection(SolutionProperties) = preSolution
		HideSolutionNode = FALSE
	EndGlobalSection
	GlobalSection(ExtensibilityGlobals) = postSolution
		SolutionGuid = {65036907-32F6-45B1-91AE-98852898028A}
	EndGlobalSection
EndGlobal
